{
  "lib/chimera": {
    "rev": "d5cf52bc5bbf75f988f8aada23fd12d0bcf7798a"
  },
  "lib/erc7540-reusable-properties": {
    "rev": "4e38cf6084ab1a9b906fe20bcbd2ae97bc3d47a5"
  },
  "lib/forge-std": {
    "rev": "8bbcf6e3f8f62f419e5429a0bd89331c85c37824"
  },
  "lib/halmos-cheatcodes": {
    "rev": "6da4e692c357ba6d641a2e677a28298cac9f76ab"
  },
  "lib/openzeppelin-contracts-upgradeable": {
    "rev": "e725abddf1e01cf05ace496e950fc8e243cc7cab"
  },
  "lib/setup-helpers": {
    "rev": "0f7abac8f096768817cc7a1d2dcdb01ee8fb278e"
  },
  "lib/v2-core": {
    "rev": "aef83110fac3ada52b46d7e615e780b678774729"
  }
}